
Microsoft Visual Studio Solution File, Format Version 12.00
# Visual Studio 2013
VisualStudioVersion = 12.0.21005.1
MinimumVisualStudioVersion = 10.0.40219.1
Project("{FAE04EC0-301F-11D3-BF4B-00C04F79EFBC}") = "NerverLand.WebApp", "NerverLand.WebApp\NerverLand.WebApp.csproj", "{6D4057C5-B02C-46A7-9D31-D45381C22244}"
EndProject
Project("{2150E333-8FDC-42A3-9474-1A3956D46DE8}") = "Framework", "Framework", "{A7BAC9AE-2A85-4FDE-BF26-EB0B00C63FBA}"
EndProject
Project("{FAE04EC0-301F-11D3-BF4B-00C04F79EFBC}") = "NerverLand.Module.Core", "Framework\NerverLand.Module.Core\NerverLand.Module.Core.csproj", "{ED1441B8-BE0B-4731-AE23-053733FECC21}"
EndProject
Project("{FAE04EC0-301F-11D3-BF4B-00C04F79EFBC}") = "NerverLand.Module.PartOne", "Modules\NerverLand.Module.PartOne\NerverLand.Module.PartOne.csproj", "{A7C86387-F8E4-4D59-8646-4D72A62386BE}"
EndProject
Project("{2150E333-8FDC-42A3-9474-1A3956D46DE8}") = "Modules", "Modules", "{3EAD223D-6446-4F4A-848C-5AF0577BEE8A}"
EndProject
Project("{FAE04EC0-301F-11D3-BF4B-00C04F79EFBC}") = "NerverLand.Module.Common", "Framework\NerverLand.Module.Common\NerverLand.Module.Common.csproj", "{F459D041-4073-4BC2-AA45-910EE961F985}"
EndProject
Project("{FAE04EC0-301F-11D3-BF4B-00C04F79EFBC}") = "NerverLand.Module.Contract", "Framework\NerverLand.Module.Contract\NerverLand.Module.Contract.csproj", "{B6913D77-A49B-487B-BC87-B3697C53DE17}"
EndProject
Project("{FAE04EC0-301F-11D3-BF4B-00C04F79EFBC}") = "NerverLand.Module.PartTwo", "Modules\NerverLand.Module.PartTwo\NerverLand.Module.PartTwo.csproj", "{EBCFEA03-E999-4D05-A3D6-71ACDEE41780}"
EndProject
Project("{FAE04EC0-301F-11D3-BF4B-00C04F79EFBC}") = "NerverLand.Module.TireModuleBase", "Framework\NerverLand.Module.TireModuleBase\NerverLand.Module.TireModuleBase.csproj", "{93908F26-96AB-4B13-92DE-A3F0FCF6DB8E}"
EndProject
Project("{FAE04EC0-301F-11D3-BF4B-00C04F79EFBC}") = "NerverLand.Module.EngineModuleBase", "Framework\NerverLand.Module.EngineModuleBase\NerverLand.Module.EngineModuleBase.csproj", "{75DF23F0-8B6E-4028-9BE6-073065EEDC9D}"
EndProject
Project("{FAE04EC0-301F-11D3-BF4B-00C04F79EFBC}") = "NerverLand.Module.ChassisModuleBase", "Framework\NerverLand.Module.ChassisModuleBase\NerverLand.Module.ChassisModuleBase.csproj", "{E9862A86-8E42-4786-9FC8-33D4626910D6}"
EndProject
Project("{FAE04EC0-301F-11D3-BF4B-00C04F79EFBC}") = "NerverLand.Module.TireProvider", "Modules\NerverLand.Module.TireProvider\NerverLand.Module.TireProvider.csproj", "{76E84136-DD3C-481F-B9DB-13D1CC509464}"
EndProject
Project("{FAE04EC0-301F-11D3-BF4B-00C04F79EFBC}") = "NerverLand.Module.ChassisProvider", "Modules\NerverLand.Module.ChassisProvider\NerverLand.Module.ChassisProvider.csproj", "{F0A8A42D-8069-4773-8E23-739C4605B4BF}"
EndProject
Project("{FAE04EC0-301F-11D3-BF4B-00C04F79EFBC}") = "NerverLand.Module.EngineProvider", "Modules\NerverLand.Module.EngineProvider\NerverLand.Module.EngineProvider.csproj", "{021ECA18-BD43-4C5B-BDB8-E3EAA193901E}"
EndProject
Global
	GlobalSection(SolutionConfigurationPlatforms) = preSolution
		Debug|Any CPU = Debug|Any CPU
		Release|Any CPU = Release|Any CPU
	EndGlobalSection
	GlobalSection(ProjectConfigurationPlatforms) = postSolution
		{6D4057C5-B02C-46A7-9D31-D45381C22244}.Debug|Any CPU.ActiveCfg = Debug|Any CPU
		{6D4057C5-B02C-46A7-9D31-D45381C22244}.Debug|Any CPU.Build.0 = Debug|Any CPU
		{6D4057C5-B02C-46A7-9D31-D45381C22244}.Release|Any CPU.ActiveCfg = Release|Any CPU
		{6D4057C5-B02C-46A7-9D31-D45381C22244}.Release|Any CPU.Build.0 = Release|Any CPU
		{ED1441B8-BE0B-4731-AE23-053733FECC21}.Debug|Any CPU.ActiveCfg = Debug|Any CPU
		{ED1441B8-BE0B-4731-AE23-053733FECC21}.Debug|Any CPU.Build.0 = Debug|Any CPU
		{ED1441B8-BE0B-4731-AE23-053733FECC21}.Release|Any CPU.ActiveCfg = Release|Any CPU
		{ED1441B8-BE0B-4731-AE23-053733FECC21}.Release|Any CPU.Build.0 = Release|Any CPU
		{A7C86387-F8E4-4D59-8646-4D72A62386BE}.Debug|Any CPU.ActiveCfg = Debug|Any CPU
		{A7C86387-F8E4-4D59-8646-4D72A62386BE}.Debug|Any CPU.Build.0 = Debug|Any CPU
		{A7C86387-F8E4-4D59-8646-4D72A62386BE}.Release|Any CPU.ActiveCfg = Release|Any CPU
		{A7C86387-F8E4-4D59-8646-4D72A62386BE}.Release|Any CPU.Build.0 = Release|Any CPU
		{F459D041-4073-4BC2-AA45-910EE961F985}.Debug|Any CPU.ActiveCfg = Debug|Any CPU
		{F459D041-4073-4BC2-AA45-910EE961F985}.Debug|Any CPU.Build.0 = Debug|Any CPU
		{F459D041-4073-4BC2-AA45-910EE961F985}.Release|Any CPU.ActiveCfg = Release|Any CPU
		{F459D041-4073-4BC2-AA45-910EE961F985}.Release|Any CPU.Build.0 = Release|Any CPU
		{B6913D77-A49B-487B-BC87-B3697C53DE17}.Debug|Any CPU.ActiveCfg = Debug|Any CPU
		{B6913D77-A49B-487B-BC87-B3697C53DE17}.Debug|Any CPU.Build.0 = Debug|Any CPU
		{B6913D77-A49B-487B-BC87-B3697C53DE17}.Release|Any CPU.ActiveCfg = Release|Any CPU
		{B6913D77-A49B-487B-BC87-B3697C53DE17}.Release|Any CPU.Build.0 = Release|Any CPU
		{EBCFEA03-E999-4D05-A3D6-71ACDEE41780}.Debug|Any CPU.ActiveCfg = Debug|Any CPU
		{EBCFEA03-E999-4D05-A3D6-71ACDEE41780}.Debug|Any CPU.Build.0 = Debug|Any CPU
		{EBCFEA03-E999-4D05-A3D6-71ACDEE41780}.Release|Any CPU.ActiveCfg = Release|Any CPU
		{EBCFEA03-E999-4D05-A3D6-71ACDEE41780}.Release|Any CPU.Build.0 = Release|Any CPU
		{93908F26-96AB-4B13-92DE-A3F0FCF6DB8E}.Debug|Any CPU.ActiveCfg = Debug|Any CPU
		{93908F26-96AB-4B13-92DE-A3F0FCF6DB8E}.Debug|Any CPU.Build.0 = Debug|Any CPU
		{93908F26-96AB-4B13-92DE-A3F0FCF6DB8E}.Release|Any CPU.ActiveCfg = Release|Any CPU
		{93908F26-96AB-4B13-92DE-A3F0FCF6DB8E}.Release|Any CPU.Build.0 = Release|Any CPU
		{75DF23F0-8B6E-4028-9BE6-073065EEDC9D}.Debug|Any CPU.ActiveCfg = Debug|Any CPU
		{75DF23F0-8B6E-4028-9BE6-073065EEDC9D}.Debug|Any CPU.Build.0 = Debug|Any CPU
		{75DF23F0-8B6E-4028-9BE6-073065EEDC9D}.Release|Any CPU.ActiveCfg = Release|Any CPU
		{75DF23F0-8B6E-4028-9BE6-073065EEDC9D}.Release|Any CPU.Build.0 = Release|Any CPU
		{E9862A86-8E42-4786-9FC8-33D4626910D6}.Debug|Any CPU.ActiveCfg = Debug|Any CPU
		{E9862A86-8E42-4786-9FC8-33D4626910D6}.Debug|Any CPU.Build.0 = Debug|Any CPU
		{E9862A86-8E42-4786-9FC8-33D4626910D6}.Release|Any CPU.ActiveCfg = Release|Any CPU
		{E9862A86-8E42-4786-9FC8-33D4626910D6}.Release|Any CPU.Build.0 = Release|Any CPU
		{76E84136-DD3C-481F-B9DB-13D1CC509464}.Debug|Any CPU.ActiveCfg = Debug|Any CPU
		{76E84136-DD3C-481F-B9DB-13D1CC509464}.Debug|Any CPU.Build.0 = Debug|Any CPU
		{76E84136-DD3C-481F-B9DB-13D1CC509464}.Release|Any CPU.ActiveCfg = Release|Any CPU
		{76E84136-DD3C-481F-B9DB-13D1CC509464}.Release|Any CPU.Build.0 = Release|Any CPU
		{F0A8A42D-8069-4773-8E23-739C4605B4BF}.Debug|Any CPU.ActiveCfg = Debug|Any CPU
		{F0A8A42D-8069-4773-8E23-739C4605B4BF}.Debug|Any CPU.Build.0 = Debug|Any CPU
		{F0A8A42D-8069-4773-8E23-739C4605B4BF}.Release|Any CPU.ActiveCfg = Release|Any CPU
		{F0A8A42D-8069-4773-8E23-739C4605B4BF}.Release|Any CPU.Build.0 = Release|Any CPU
		{021ECA18-BD43-4C5B-BDB8-E3EAA193901E}.Debug|Any CPU.ActiveCfg = Debug|Any CPU
		{021ECA18-BD43-4C5B-BDB8-E3EAA193901E}.Debug|Any CPU.Build.0 = Debug|Any CPU
		{021ECA18-BD43-4C5B-BDB8-E3EAA193901E}.Release|Any CPU.ActiveCfg = Release|Any CPU
		{021ECA18-BD43-4C5B-BDB8-E3EAA193901E}.Release|Any CPU.Build.0 = Release|Any CPU
	EndGlobalSection
	GlobalSection(SolutionProperties) = preSolution
		HideSolutionNode = FALSE
	EndGlobalSection
	GlobalSection(NestedProjects) = preSolution
		{ED1441B8-BE0B-4731-AE23-053733FECC21} = {A7BAC9AE-2A85-4FDE-BF26-EB0B00C63FBA}
		{F459D041-4073-4BC2-AA45-910EE961F985} = {A7BAC9AE-2A85-4FDE-BF26-EB0B00C63FBA}
		{B6913D77-A49B-487B-BC87-B3697C53DE17} = {A7BAC9AE-2A85-4FDE-BF26-EB0B00C63FBA}
		{93908F26-96AB-4B13-92DE-A3F0FCF6DB8E} = {A7BAC9AE-2A85-4FDE-BF26-EB0B00C63FBA}
		{75DF23F0-8B6E-4028-9BE6-073065EEDC9D} = {A7BAC9AE-2A85-4FDE-BF26-EB0B00C63FBA}
		{E9862A86-8E42-4786-9FC8-33D4626910D6} = {A7BAC9AE-2A85-4FDE-BF26-EB0B00C63FBA}
		{A7C86387-F8E4-4D59-8646-4D72A62386BE} = {3EAD223D-6446-4F4A-848C-5AF0577BEE8A}
		{EBCFEA03-E999-4D05-A3D6-71ACDEE41780} = {3EAD223D-6446-4F4A-848C-5AF0577BEE8A}
		{76E84136-DD3C-481F-B9DB-13D1CC509464} = {3EAD223D-6446-4F4A-848C-5AF0577BEE8A}
		{F0A8A42D-8069-4773-8E23-739C4605B4BF} = {3EAD223D-6446-4F4A-848C-5AF0577BEE8A}
		{021ECA18-BD43-4C5B-BDB8-E3EAA193901E} = {3EAD223D-6446-4F4A-848C-5AF0577BEE8A}
	EndGlobalSection
EndGlobal
