
Microsoft Visual Studio Solution File, Format Version 12.00
# Visual Studio 2013
VisualStudioVersion = 12.0.21005.1
MinimumVisualStudioVersion = 10.0.40219.1
Project("{FAE04EC0-301F-11D3-BF4B-00C04F79EFBC}") = "NerverLand.WebApp", "NerverLand.WebApp\NerverLand.WebApp.csproj", "{6D4057C5-B02C-46A7-9D31-D45381C22244}"
EndProject
Project("{2150E333-8FDC-42A3-9474-1A3956D46DE8}") = "Framework", "Framework", "{A7BAC9AE-2A85-4FDE-BF26-EB0B00C63FBA}"
EndProject
Project("{FAE04EC0-301F-11D3-BF4B-00C04F79EFBC}") = "NerverLand.Module.Core", "Framework\NerverLand.Module.Core\NerverLand.Module.Core.csproj", "{ED1441B8-BE0B-4731-AE23-053733FECC21}"
EndProject
Project("{2150E333-8FDC-42A3-9474-1A3956D46DE8}") = "Modules", "Modules", "{3EAD223D-6446-4F4A-848C-5AF0577BEE8A}"
EndProject
Project("{FAE04EC0-301F-11D3-BF4B-00C04F79EFBC}") = "NerverLand.Module.Common", "Framework\NerverLand.Module.Common\NerverLand.Module.Common.csproj", "{F459D041-4073-4BC2-AA45-910EE961F985}"
EndProject
Project("{FAE04EC0-301F-11D3-BF4B-00C04F79EFBC}") = "NerverLand.Module.Contract", "Framework\NerverLand.Module.Contract\NerverLand.Module.Contract.csproj", "{B6913D77-A49B-487B-BC87-B3697C53DE17}"
EndProject
Project("{FAE04EC0-301F-11D3-BF4B-00C04F79EFBC}") = "NerverLand.Module.TireProvider", "Modules\NerverLand.Module.TireProvider\NerverLand.Module.TireProvider.csproj", "{76E84136-DD3C-481F-B9DB-13D1CC509464}"
EndProject
Project("{FAE04EC0-301F-11D3-BF4B-00C04F79EFBC}") = "NerverLand.Module.ChassisProvider", "Modules\NerverLand.Module.ChassisProvider\NerverLand.Module.ChassisProvider.csproj", "{F0A8A42D-8069-4773-8E23-739C4605B4BF}"
EndProject
Project("{FAE04EC0-301F-11D3-BF4B-00C04F79EFBC}") = "NerverLand.Module.EngineProvider", "Modules\NerverLand.Module.EngineProvider\NerverLand.Module.EngineProvider.csproj", "{021ECA18-BD43-4C5B-BDB8-E3EAA193901E}"
EndProject
Project("{FAE04EC0-301F-11D3-BF4B-00C04F79EFBC}") = "NerverLand.Module.CarModule", "Framework\NerverLand.Module.CarModule\NerverLand.Module.CarModule.csproj", "{B38F8C29-8729-439A-AC32-EB97296589C7}"
EndProject
Project("{FAE04EC0-301F-11D3-BF4B-00C04F79EFBC}") = "NerverLand.Module.CarComponent.Contract", "Modules\NerverLand.Module.CarComponent.Contract\NerverLand.Module.CarComponent.Contract.csproj", "{77A787DF-5AB8-431B-8D68-77B7F13C4ABA}"
EndProject
Global
	GlobalSection(SolutionConfigurationPlatforms) = preSolution
		Debug|Any CPU = Debug|Any CPU
		Release|Any CPU = Release|Any CPU
	EndGlobalSection
	GlobalSection(ProjectConfigurationPlatforms) = postSolution
		{6D4057C5-B02C-46A7-9D31-D45381C22244}.Debug|Any CPU.ActiveCfg = Debug|Any CPU
		{6D4057C5-B02C-46A7-9D31-D45381C22244}.Debug|Any CPU.Build.0 = Debug|Any CPU
		{6D4057C5-B02C-46A7-9D31-D45381C22244}.Release|Any CPU.ActiveCfg = Release|Any CPU
		{6D4057C5-B02C-46A7-9D31-D45381C22244}.Release|Any CPU.Build.0 = Release|Any CPU
		{ED1441B8-BE0B-4731-AE23-053733FECC21}.Debug|Any CPU.ActiveCfg = Debug|Any CPU
		{ED1441B8-BE0B-4731-AE23-053733FECC21}.Debug|Any CPU.Build.0 = Debug|Any CPU
		{ED1441B8-BE0B-4731-AE23-053733FECC21}.Release|Any CPU.ActiveCfg = Release|Any CPU
		{ED1441B8-BE0B-4731-AE23-053733FECC21}.Release|Any CPU.Build.0 = Release|Any CPU
		{F459D041-4073-4BC2-AA45-910EE961F985}.Debug|Any CPU.ActiveCfg = Debug|Any CPU
		{F459D041-4073-4BC2-AA45-910EE961F985}.Debug|Any CPU.Build.0 = Debug|Any CPU
		{F459D041-4073-4BC2-AA45-910EE961F985}.Release|Any CPU.ActiveCfg = Release|Any CPU
		{F459D041-4073-4BC2-AA45-910EE961F985}.Release|Any CPU.Build.0 = Release|Any CPU
		{B6913D77-A49B-487B-BC87-B3697C53DE17}.Debug|Any CPU.ActiveCfg = Debug|Any CPU
		{B6913D77-A49B-487B-BC87-B3697C53DE17}.Debug|Any CPU.Build.0 = Debug|Any CPU
		{B6913D77-A49B-487B-BC87-B3697C53DE17}.Release|Any CPU.ActiveCfg = Release|Any CPU
		{B6913D77-A49B-487B-BC87-B3697C53DE17}.Release|Any CPU.Build.0 = Release|Any CPU
		{76E84136-DD3C-481F-B9DB-13D1CC509464}.Debug|Any CPU.ActiveCfg = Debug|Any CPU
		{76E84136-DD3C-481F-B9DB-13D1CC509464}.Debug|Any CPU.Build.0 = Debug|Any CPU
		{76E84136-DD3C-481F-B9DB-13D1CC509464}.Release|Any CPU.ActiveCfg = Release|Any CPU
		{76E84136-DD3C-481F-B9DB-13D1CC509464}.Release|Any CPU.Build.0 = Release|Any CPU
		{F0A8A42D-8069-4773-8E23-739C4605B4BF}.Debug|Any CPU.ActiveCfg = Debug|Any CPU
		{F0A8A42D-8069-4773-8E23-739C4605B4BF}.Debug|Any CPU.Build.0 = Debug|Any CPU
		{F0A8A42D-8069-4773-8E23-739C4605B4BF}.Release|Any CPU.ActiveCfg = Release|Any CPU
		{F0A8A42D-8069-4773-8E23-739C4605B4BF}.Release|Any CPU.Build.0 = Release|Any CPU
		{021ECA18-BD43-4C5B-BDB8-E3EAA193901E}.Debug|Any CPU.ActiveCfg = Debug|Any CPU
		{021ECA18-BD43-4C5B-BDB8-E3EAA193901E}.Debug|Any CPU.Build.0 = Debug|Any CPU
		{021ECA18-BD43-4C5B-BDB8-E3EAA193901E}.Release|Any CPU.ActiveCfg = Release|Any CPU
		{021ECA18-BD43-4C5B-BDB8-E3EAA193901E}.Release|Any CPU.Build.0 = Release|Any CPU
		{B38F8C29-8729-439A-AC32-EB97296589C7}.Debug|Any CPU.ActiveCfg = Debug|Any CPU
		{B38F8C29-8729-439A-AC32-EB97296589C7}.Debug|Any CPU.Build.0 = Debug|Any CPU
		{B38F8C29-8729-439A-AC32-EB97296589C7}.Release|Any CPU.ActiveCfg = Release|Any CPU
		{B38F8C29-8729-439A-AC32-EB97296589C7}.Release|Any CPU.Build.0 = Release|Any CPU
		{77A787DF-5AB8-431B-8D68-77B7F13C4ABA}.Debug|Any CPU.ActiveCfg = Debug|Any CPU
		{77A787DF-5AB8-431B-8D68-77B7F13C4ABA}.Debug|Any CPU.Build.0 = Debug|Any CPU
		{77A787DF-5AB8-431B-8D68-77B7F13C4ABA}.Release|Any CPU.ActiveCfg = Release|Any CPU
		{77A787DF-5AB8-431B-8D68-77B7F13C4ABA}.Release|Any CPU.Build.0 = Release|Any CPU
	EndGlobalSection
	GlobalSection(SolutionProperties) = preSolution
		HideSolutionNode = FALSE
	EndGlobalSection
	GlobalSection(NestedProjects) = preSolution
		{ED1441B8-BE0B-4731-AE23-053733FECC21} = {A7BAC9AE-2A85-4FDE-BF26-EB0B00C63FBA}
		{F459D041-4073-4BC2-AA45-910EE961F985} = {A7BAC9AE-2A85-4FDE-BF26-EB0B00C63FBA}
		{B6913D77-A49B-487B-BC87-B3697C53DE17} = {A7BAC9AE-2A85-4FDE-BF26-EB0B00C63FBA}
		{B38F8C29-8729-439A-AC32-EB97296589C7} = {A7BAC9AE-2A85-4FDE-BF26-EB0B00C63FBA}
		{76E84136-DD3C-481F-B9DB-13D1CC509464} = {3EAD223D-6446-4F4A-848C-5AF0577BEE8A}
		{F0A8A42D-8069-4773-8E23-739C4605B4BF} = {3EAD223D-6446-4F4A-848C-5AF0577BEE8A}
		{021ECA18-BD43-4C5B-BDB8-E3EAA193901E} = {3EAD223D-6446-4F4A-848C-5AF0577BEE8A}
		{77A787DF-5AB8-431B-8D68-77B7F13C4ABA} = {3EAD223D-6446-4F4A-848C-5AF0577BEE8A}
	EndGlobalSection
EndGlobal
